# This file is automatically @generated by Cargo.
# It is not intended for manual editing.
version = 3

[[package]]
name = "jdx-clt"
version = "0.1.0"
dependencies = [
 "jdx-rust",
]

[[package]]
name = "jdx-rust"
version = "0.1.0"
source = "git+https://github.com/jeffreycshelton/jdx-rust.git#9f0eaa28499256bac3e28e37fcec6822dceb65c6"
