# This file is automatically @generated by Cargo.
# It is not intended for manual editing.
version = 3

[[package]]
name = "jdx-clt"
version = "0.1.0"
dependencies = [
 "jdx-rust",
]

[[package]]
name = "jdx-rust"
version = "0.1.0"
source = "git+https://github.com/jeffreycshelton/jdx-rust#c11d4e83a49c71e8ae3e0b00a98ba21d2e20d09a"
